
Microsoft Visual Studio Solution File, Format Version 12.00
# Visual Studio Version 16
VisualStudioVersion = 16.0.32602.291
MinimumVisualStudioVersion = 10.0.40219.1
Project("{FAE04EC0-301F-11D3-BF4B-00C04F79EFBC}") = "TemperatureUnitConversion", "TemperatureUnitConversion\TemperatureUnitConversion.csproj", "{305C34EA-C025-4A64-AFBB-37891621E588}"
EndProject
Global
	GlobalSection(SolutionConfigurationPlatforms) = preSolution
		Debug|Any CPU = Debug|Any CPU
		Release|Any CPU = Release|Any CPU
	EndGlobalSection
	GlobalSection(ProjectConfigurationPlatforms) = postSolution
		{305C34EA-C025-4A64-AFBB-37891621E588}.Debug|Any CPU.ActiveCfg = Debug|Any CPU
		{305C34EA-C025-4A64-AFBB-37891621E588}.Debug|Any CPU.Build.0 = Debug|Any CPU
		{305C34EA-C025-4A64-AFBB-37891621E588}.Release|Any CPU.ActiveCfg = Release|Any CPU
		{305C34EA-C025-4A64-AFBB-37891621E588}.Release|Any CPU.Build.0 = Release|Any CPU
	EndGlobalSection
	GlobalSection(SolutionProperties) = preSolution
		HideSolutionNode = FALSE
	EndGlobalSection
	GlobalSection(ExtensibilityGlobals) = postSolution
		SolutionGuid = {9B871550-1B78-4373-B2EA-636B7A42DD47}
	EndGlobalSection
EndGlobal
